// !$*UTF8*$!
{
	archiveVersion = 1;
	classes = {
	};
	objectVersion = 55;
	objects = {

/* Begin PBXBuildFile section */
		23EAD8EB281896BE00D3EA41 /* AuthorizationAppV2App.swift in Sources */ = {isa = PBXBuildFile; fileRef = 23EAD8EA281896BE00D3EA41 /* AuthorizationAppV2App.swift */; };
		23EAD8ED281896BE00D3EA41 /* ContentView.swift in Sources */ = {isa = PBXBuildFile; fileRef = 23EAD8EC281896BE00D3EA41 /* ContentView.swift */; };
		23EAD8EF281896C100D3EA41 /* Assets.xcassets in Resources */ = {isa = PBXBuildFile; fileRef = 23EAD8EE281896C100D3EA41 /* Assets.xcassets */; };
		23EAD8F2281896C100D3EA41 /* Preview Assets.xcassets in Resources */ = {isa = PBXBuildFile; fileRef = 23EAD8F1281896C100D3EA41 /* Preview Assets.xcassets */; };
		23EAD8FB2818988000D3EA41 /* LoginView.swift in Sources */ = {isa = PBXBuildFile; fileRef = 23EAD8FA2818988000D3EA41 /* LoginView.swift */; };
		23EAD8FD28189B9900D3EA41 /* UserManager.swift in Sources */ = {isa = PBXBuildFile; fileRef = 23EAD8FC28189B9900D3EA41 /* UserManager.swift */; };
		23EAD8FF2818A0AA00D3EA41 /* TimeCounter.swift in Sources */ = {isa = PBXBuildFile; fileRef = 23EAD8FE2818A0AA00D3EA41 /* TimeCounter.swift */; };
		23EAD9012819C85B00D3EA41 /* InitialView.swift in Sources */ = {isa = PBXBuildFile; fileRef = 23EAD9002819C85B00D3EA41 /* InitialView.swift */; };
		23EAD923281AF58F00D3EA41 /* CheckUserView.swift in Sources */ = {isa = PBXBuildFile; fileRef = 23EAD922281AF58F00D3EA41 /* CheckUserView.swift */; };
		23EAD927281C510800D3EA41 /* ButtonView.swift in Sources */ = {isa = PBXBuildFile; fileRef = 23EAD926281C510700D3EA41 /* ButtonView.swift */; };
		23EAD929281F004800D3EA41 /* DataManager.swift in Sources */ = {isa = PBXBuildFile; fileRef = 23EAD928281F004800D3EA41 /* DataManager.swift */; };
/* End PBXBuildFile section */

/* Begin PBXFileReference section */
		23EAD8E7281896BE00D3EA41 /* AuthorizationAppV2.app */ = {isa = PBXFileReference; explicitFileType = wrapper.application; includeInIndex = 0; path = AuthorizationAppV2.app; sourceTree = BUILT_PRODUCTS_DIR; };
		23EAD8EA281896BE00D3EA41 /* AuthorizationAppV2App.swift */ = {isa = PBXFileReference; lastKnownFileType = sourcecode.swift; path = AuthorizationAppV2App.swift; sourceTree = "<group>"; };
		23EAD8EC281896BE00D3EA41 /* ContentView.swift */ = {isa = PBXFileReference; lastKnownFileType = sourcecode.swift; path = ContentView.swift; sourceTree = "<group>"; };
		23EAD8EE281896C100D3EA41 /* Assets.xcassets */ = {isa = PBXFileReference; lastKnownFileType = folder.assetcatalog; path = Assets.xcassets; sourceTree = "<group>"; };
		23EAD8F1281896C100D3EA41 /* Preview Assets.xcassets */ = {isa = PBXFileReference; lastKnownFileType = folder.assetcatalog; path = "Preview Assets.xcassets"; sourceTree = "<group>"; };
		23EAD8FA2818988000D3EA41 /* LoginView.swift */ = {isa = PBXFileReference; lastKnownFileType = sourcecode.swift; path = LoginView.swift; sourceTree = "<group>"; };
		23EAD8FC28189B9900D3EA41 /* UserManager.swift */ = {isa = PBXFileReference; lastKnownFileType = sourcecode.swift; path = UserManager.swift; sourceTree = "<group>"; };
		23EAD8FE2818A0AA00D3EA41 /* TimeCounter.swift */ = {isa = PBXFileReference; lastKnownFileType = sourcecode.swift; path = TimeCounter.swift; sourceTree = "<group>"; };
		23EAD9002819C85B00D3EA41 /* InitialView.swift */ = {isa = PBXFileReference; lastKnownFileType = sourcecode.swift; path = InitialView.swift; sourceTree = "<group>"; };
		23EAD922281AF58F00D3EA41 /* CheckUserView.swift */ = {isa = PBXFileReference; lastKnownFileType = sourcecode.swift; path = CheckUserView.swift; sourceTree = "<group>"; };
		23EAD926281C510700D3EA41 /* ButtonView.swift */ = {isa = PBXFileReference; lastKnownFileType = sourcecode.swift; path = ButtonView.swift; sourceTree = "<group>"; };
		23EAD928281F004800D3EA41 /* DataManager.swift */ = {isa = PBXFileReference; lastKnownFileType = sourcecode.swift; path = DataManager.swift; sourceTree = "<group>"; };
/* End PBXFileReference section */

/* Begin PBXFrameworksBuildPhase section */
		23EAD8E4281896BE00D3EA41 /* Frameworks */ = {
			isa = PBXFrameworksBuildPhase;
			buildActionMask = 2147483647;
			files = (
			);
			runOnlyForDeploymentPostprocessing = 0;
		};
/* End PBXFrameworksBuildPhase section */

/* Begin PBXGroup section */
		23EAD8DE281896BE00D3EA41 = {
			isa = PBXGroup;
			children = (
				23EAD8E9281896BE00D3EA41 /* AuthorizationAppV2 */,
				23EAD8E8281896BE00D3EA41 /* Products */,
			);
			sourceTree = "<group>";
		};
		23EAD8E8281896BE00D3EA41 /* Products */ = {
			isa = PBXGroup;
			children = (
				23EAD8E7281896BE00D3EA41 /* AuthorizationAppV2.app */,
			);
			name = Products;
			sourceTree = "<group>";
		};
		23EAD8E9281896BE00D3EA41 /* AuthorizationAppV2 */ = {
			isa = PBXGroup;
			children = (
				23EAD8EA281896BE00D3EA41 /* AuthorizationAppV2App.swift */,
				23EAD8EC281896BE00D3EA41 /* ContentView.swift */,
				23EAD926281C510700D3EA41 /* ButtonView.swift */,
				23EAD8FA2818988000D3EA41 /* LoginView.swift */,
				23EAD928281F004800D3EA41 /* DataManager.swift */,
				23EAD922281AF58F00D3EA41 /* CheckUserView.swift */,
				23EAD9002819C85B00D3EA41 /* InitialView.swift */,
				23EAD8FC28189B9900D3EA41 /* UserManager.swift */,
				23EAD8FE2818A0AA00D3EA41 /* TimeCounter.swift */,
				23EAD8EE281896C100D3EA41 /* Assets.xcassets */,
				23EAD8F0281896C100D3EA41 /* Preview Content */,
			);
			path = AuthorizationAppV2;
			sourceTree = "<group>";
		};
		23EAD8F0281896C100D3EA41 /* Preview Content */ = {
			isa = PBXGroup;
			children = (
				23EAD8F1281896C100D3EA41 /* Preview Assets.xcassets */,
			);
			path = "Preview Content";
			sourceTree = "<group>";
		};
/* End PBXGroup section */

/* Begin PBXNativeTarget section */
		23EAD8E6281896BE00D3EA41 /* AuthorizationAppV2 */ = {
			isa = PBXNativeTarget;
			buildConfigurationList = 23EAD8F5281896C100D3EA41 /* Build configuration list for PBXNativeTarget "AuthorizationAppV2" */;
			buildPhases = (
				23EAD8E3281896BE00D3EA41 /* Sources */,
				23EAD8E4281896BE00D3EA41 /* Frameworks */,
				23EAD8E5281896BE00D3EA41 /* Resources */,
			);
			buildRules = (
			);
			dependencies = (
			);
			name = AuthorizationAppV2;
			productName = AuthorizationAppV2;
			productReference = 23EAD8E7281896BE00D3EA41 /* AuthorizationAppV2.app */;
			productType = "com.apple.product-type.application";
		};
/* End PBXNativeTarget section */

/* Begin PBXProject section */
		23EAD8DF281896BE00D3EA41 /* Project object */ = {
			isa = PBXProject;
			attributes = {
				BuildIndependentTargetsInParallel = 1;
				LastSwiftUpdateCheck = 1330;
				LastUpgradeCheck = 1330;
				TargetAttributes = {
					23EAD8E6281896BE00D3EA41 = {
						CreatedOnToolsVersion = 13.3.1;
					};
				};
			};
			buildConfigurationList = 23EAD8E2281896BE00D3EA41 /* Build configuration list for PBXProject "AuthorizationAppV2" */;
			compatibilityVersion = "Xcode 13.0";
			developmentRegion = en;
			hasScannedForEncodings = 0;
			knownRegions = (
				en,
				Base,
			);
			mainGroup = 23EAD8DE281896BE00D3EA41;
			productRefGroup = 23EAD8E8281896BE00D3EA41 /* Products */;
			projectDirPath = "";
			projectRoot = "";
			targets = (
				23EAD8E6281896BE00D3EA41 /* AuthorizationAppV2 */,
			);
		};
/* End PBXProject section */

/* Begin PBXResourcesBuildPhase section */
		23EAD8E5281896BE00D3EA41 /* Resources */ = {
			isa = PBXResourcesBuildPhase;
			buildActionMask = 2147483647;
			files = (
				23EAD8F2281896C100D3EA41 /* Preview Assets.xcassets in Resources */,
				23EAD8EF281896C100D3EA41 /* Assets.xcassets in Resources */,
			);
			runOnlyForDeploymentPostprocessing = 0;
		};
/* End PBXResourcesBuildPhase section */

/* Begin PBXSourcesBuildPhase section */
		23EAD8E3281896BE00D3EA41 /* Sources */ = {
			isa = PBXSourcesBuildPhase;
			buildActionMask = 2147483647;
			files = (
				23EAD8ED281896BE00D3EA41 /* ContentView.swift in Sources */,
				23EAD8EB281896BE00D3EA41 /* AuthorizationAppV2App.swift in Sources */,
				23EAD923281AF58F00D3EA41 /* CheckUserView.swift in Sources */,
				23EAD8FB2818988000D3EA41 /* LoginView.swift in Sources */,
				23EAD9012819C85B00D3EA41 /* InitialView.swift in Sources */,
				23EAD8FF2818A0AA00D3EA41 /* TimeCounter.swift in Sources */,
				23EAD8FD28189B9900D3EA41 /* UserManager.swift in Sources */,
				23EAD929281F004800D3EA41 /* DataManager.swift in Sources */,
				23EAD927281C510800D3EA41 /* ButtonView.swift in Sources */,
			);
			runOnlyForDeploymentPostprocessing = 0;
		};
/* End PBXSourcesBuildPhase section */

/* Begin XCBuildConfiguration section */
		23EAD8F3281896C100D3EA41 /* Debug */ = {
			isa = XCBuildConfiguration;
			buildSettings = {
				ALWAYS_SEARCH_USER_PATHS = NO;
				CLANG_ANALYZER_NONNULL = YES;
				CLANG_ANALYZER_NUMBER_OBJECT_CONVERSION = YES_AGGRESSIVE;
				CLANG_CXX_LANGUAGE_STANDARD = "gnu++17";
				CLANG_ENABLE_MODULES = YES;
				CLANG_ENABLE_OBJC_ARC = YES;
				CLANG_ENABLE_OBJC_WEAK = YES;
				CLANG_WARN_BLOCK_CAPTURE_AUTORELEASING = YES;
				CLANG_WARN_BOOL_CONVERSION = YES;
				CLANG_WARN_COMMA = YES;
				CLANG_WARN_CONSTANT_CONVERSION = YES;
				CLANG_WARN_DEPRECATED_OBJC_IMPLEMENTATIONS = YES;
				CLANG_WARN_DIRECT_OBJC_ISA_USAGE = YES_ERROR;
				CLANG_WARN_DOCUMENTATION_COMMENTS = YES;
				CLANG_WARN_EMPTY_BODY = YES;
				CLANG_WARN_ENUM_CONVERSION = YES;
				CLANG_WARN_INFINITE_RECURSION = YES;
				CLANG_WARN_INT_CONVERSION = YES;
				CLANG_WARN_NON_LITERAL_NULL_CONVERSION = YES;
				CLANG_WARN_OBJC_IMPLICIT_RETAIN_SELF = YES;
				CLANG_WARN_OBJC_LITERAL_CONVERSION = YES;
				CLANG_WARN_OBJC_ROOT_CLASS = YES_ERROR;
				CLANG_WARN_QUOTED_INCLUDE_IN_FRAMEWORK_HEADER = YES;
				CLANG_WARN_RANGE_LOOP_ANALYSIS = YES;
				CLANG_WARN_STRICT_PROTOTYPES = YES;
				CLANG_WARN_SUSPICIOUS_MOVE = YES;
				CLANG_WARN_UNGUARDED_AVAILABILITY = YES_AGGRESSIVE;
				CLANG_WARN_UNREACHABLE_CODE = YES;
				CLANG_WARN__DUPLICATE_METHOD_MATCH = YES;
				COPY_PHASE_STRIP = NO;
				DEBUG_INFORMATION_FORMAT = dwarf;
				ENABLE_STRICT_OBJC_MSGSEND = YES;
				ENABLE_TESTABILITY = YES;
				GCC_C_LANGUAGE_STANDARD = gnu11;
				GCC_DYNAMIC_NO_PIC = NO;
				GCC_NO_COMMON_BLOCKS = YES;
				GCC_OPTIMIZATION_LEVEL = 0;
				GCC_PREPROCESSOR_DEFINITIONS = (
					"DEBUG=1",
					"$(inherited)",
				);
				GCC_WARN_64_TO_32_BIT_CONVERSION = YES;
				GCC_WARN_ABOUT_RETURN_TYPE = YES_ERROR;
				GCC_WARN_UNDECLARED_SELECTOR = YES;
				GCC_WARN_UNINITIALIZED_AUTOS = YES_AGGRESSIVE;
				GCC_WARN_UNUSED_FUNCTION = YES;
				GCC_WARN_UNUSED_VARIABLE = YES;
				IPHONEOS_DEPLOYMENT_TARGET = 15.4;
				MTL_ENABLE_DEBUG_INFO = INCLUDE_SOURCE;
				MTL_FAST_MATH = YES;
				ONLY_ACTIVE_ARCH = YES;
				SDKROOT = iphoneos;
				SWIFT_ACTIVE_COMPILATION_CONDITIONS = DEBUG;
				SWIFT_OPTIMIZATION_LEVEL = "-Onone";
			};
			name = Debug;
		};
		23EAD8F4281896C100D3EA41 /* Release */ = {
			isa = XCBuildConfiguration;
			buildSettings = {
				ALWAYS_SEARCH_USER_PATHS = NO;
				CLANG_ANALYZER_NONNULL = YES;
				CLANG_ANALYZER_NUMBER_OBJECT_CONVERSION = YES_AGGRESSIVE;
				CLANG_CXX_LANGUAGE_STANDARD = "gnu++17";
				CLANG_ENABLE_MODULES = YES;
				CLANG_ENABLE_OBJC_ARC = YES;
				CLANG_ENABLE_OBJC_WEAK = YES;
				CLANG_WARN_BLOCK_CAPTURE_AUTORELEASING = YES;
				CLANG_WARN_BOOL_CONVERSION = YES;
				CLANG_WARN_COMMA = YES;
				CLANG_WARN_CONSTANT_CONVERSION = YES;
				CLANG_WARN_DEPRECATED_OBJC_IMPLEMENTATIONS = YES;
				CLANG_WARN_DIRECT_OBJC_ISA_USAGE = YES_ERROR;
				CLANG_WARN_DOCUMENTATION_COMMENTS = YES;
				CLANG_WARN_EMPTY_BODY = YES;
				CLANG_WARN_ENUM_CONVERSION = YES;
				CLANG_WARN_INFINITE_RECURSION = YES;
				CLANG_WARN_INT_CONVERSION = YES;
				CLANG_WARN_NON_LITERAL_NULL_CONVERSION = YES;
				CLANG_WARN_OBJC_IMPLICIT_RETAIN_SELF = YES;
				CLANG_WARN_OBJC_LITERAL_CONVERSION = YES;
				CLANG_WARN_OBJC_ROOT_CLASS = YES_ERROR;
				CLANG_WARN_QUOTED_INCLUDE_IN_FRAMEWORK_HEADER = YES;
				CLANG_WARN_RANGE_LOOP_ANALYSIS = YES;
				CLANG_WARN_STRICT_PROTOTYPES = YES;
				CLANG_WARN_SUSPICIOUS_MOVE = YES;
				CLANG_WARN_UNGUARDED_AVAILABILITY = YES_AGGRESSIVE;
				CLANG_WARN_UNREACHABLE_CODE = YES;
				CLANG_WARN__DUPLICATE_METHOD_MATCH = YES;
				COPY_PHASE_STRIP = NO;
				DEBUG_INFORMATION_FORMAT = "dwarf-with-dsym";
				ENABLE_NS_ASSERTIONS = NO;
				ENABLE_STRICT_OBJC_MSGSEND = YES;
				GCC_C_LANGUAGE_STANDARD = gnu11;
				GCC_NO_COMMON_BLOCKS = YES;
				GCC_WARN_64_TO_32_BIT_CONVERSION = YES;
				GCC_WARN_ABOUT_RETURN_TYPE = YES_ERROR;
				GCC_WARN_UNDECLARED_SELECTOR = YES;
				GCC_WARN_UNINITIALIZED_AUTOS = YES_AGGRESSIVE;
				GCC_WARN_UNUSED_FUNCTION = YES;
				GCC_WARN_UNUSED_VARIABLE = YES;
				IPHONEOS_DEPLOYMENT_TARGET = 15.4;
				MTL_ENABLE_DEBUG_INFO = NO;
				MTL_FAST_MATH = YES;
				SDKROOT = iphoneos;
				SWIFT_COMPILATION_MODE = wholemodule;
				SWIFT_OPTIMIZATION_LEVEL = "-O";
				VALIDATE_PRODUCT = YES;
			};
			name = Release;
		};
		23EAD8F6281896C100D3EA41 /* Debug */ = {
			isa = XCBuildConfiguration;
			buildSettings = {
				ASSETCATALOG_COMPILER_APPICON_NAME = AppIcon;
				ASSETCATALOG_COMPILER_GLOBAL_ACCENT_COLOR_NAME = AccentColor;
				CODE_SIGN_STYLE = Automatic;
				CURRENT_PROJECT_VERSION = 1;
				DEVELOPMENT_ASSET_PATHS = "\"AuthorizationAppV2/Preview Content\"";
				ENABLE_PREVIEWS = YES;
				GENERATE_INFOPLIST_FILE = YES;
				INFOPLIST_KEY_UIApplicationSceneManifest_Generation = YES;
				INFOPLIST_KEY_UIApplicationSupportsIndirectInputEvents = YES;
				INFOPLIST_KEY_UILaunchScreen_Generation = YES;
				INFOPLIST_KEY_UISupportedInterfaceOrientations_iPad = "UIInterfaceOrientationPortrait UIInterfaceOrientationPortraitUpsideDown UIInterfaceOrientationLandscapeLeft UIInterfaceOrientationLandscapeRight";
				INFOPLIST_KEY_UISupportedInterfaceOrientations_iPhone = "UIInterfaceOrientationPortrait UIInterfaceOrientationLandscapeLeft UIInterfaceOrientationLandscapeRight";
				LD_RUNPATH_SEARCH_PATHS = (
					"$(inherited)",
					"@executable_path/Frameworks",
				);
				MARKETING_VERSION = 1.0;
				PRODUCT_BUNDLE_IDENTIFIER = KremnevViacheslav.AuthorizationAppV2;
				PRODUCT_NAME = "$(TARGET_NAME)";
				SWIFT_EMIT_LOC_STRINGS = YES;
				SWIFT_VERSION = 5.0;
				TARGETED_DEVICE_FAMILY = "1,2";
			};
			name = Debug;
		};
		23EAD8F7281896C100D3EA41 /* Release */ = {
			isa = XCBuildConfiguration;
			buildSettings = {
				ASSETCATALOG_COMPILER_APPICON_NAME = AppIcon;
				ASSETCATALOG_COMPILER_GLOBAL_ACCENT_COLOR_NAME = AccentColor;
				CODE_SIGN_STYLE = Automatic;
				CURRENT_PROJECT_VERSION = 1;
				DEVELOPMENT_ASSET_PATHS = "\"AuthorizationAppV2/Preview Content\"";
				ENABLE_PREVIEWS = YES;
				GENERATE_INFOPLIST_FILE = YES;
				INFOPLIST_KEY_UIApplicationSceneManifest_Generation = YES;
				INFOPLIST_KEY_UIApplicationSupportsIndirectInputEvents = YES;
				INFOPLIST_KEY_UILaunchScreen_Generation = YES;
				INFOPLIST_KEY_UISupportedInterfaceOrientations_iPad = "UIInterfaceOrientationPortrait UIInterfaceOrientationPortraitUpsideDown UIInterfaceOrientationLandscapeLeft UIInterfaceOrientationLandscapeRight";
				INFOPLIST_KEY_UISupportedInterfaceOrientations_iPhone = "UIInterfaceOrientationPortrait UIInterfaceOrientationLandscapeLeft UIInterfaceOrientationLandscapeRight";
				LD_RUNPATH_SEARCH_PATHS = (
					"$(inherited)",
					"@executable_path/Frameworks",
				);
				MARKETING_VERSION = 1.0;
				PRODUCT_BUNDLE_IDENTIFIER = KremnevViacheslav.AuthorizationAppV2;
				PRODUCT_NAME = "$(TARGET_NAME)";
				SWIFT_EMIT_LOC_STRINGS = YES;
				SWIFT_VERSION = 5.0;
				TARGETED_DEVICE_FAMILY = "1,2";
			};
			name = Release;
		};
/* End XCBuildConfiguration section */

/* Begin XCConfigurationList section */
		23EAD8E2281896BE00D3EA41 /* Build configuration list for PBXProject "AuthorizationAppV2" */ = {
			isa = XCConfigurationList;
			buildConfigurations = (
				23EAD8F3281896C100D3EA41 /* Debug */,
				23EAD8F4281896C100D3EA41 /* Release */,
			);
			defaultConfigurationIsVisible = 0;
			defaultConfigurationName = Release;
		};
		23EAD8F5281896C100D3EA41 /* Build configuration list for PBXNativeTarget "AuthorizationAppV2" */ = {
			isa = XCConfigurationList;
			buildConfigurations = (
				23EAD8F6281896C100D3EA41 /* Debug */,
				23EAD8F7281896C100D3EA41 /* Release */,
			);
			defaultConfigurationIsVisible = 0;
			defaultConfigurationName = Release;
		};
/* End XCConfigurationList section */
	};
	rootObject = 23EAD8DF281896BE00D3EA41 /* Project object */;
}
